// !$*UTF8*$!
{
	archiveVersion = 1;
	classes = {
	};
	objectVersion = 56;
	objects = {

/* Begin PBXBuildFile section */
		0A7777EE2927B670004AE75F /* AppDelegate.swift in Sources */ = {isa = PBXBuildFile; fileRef = 0A7777ED2927B670004AE75F /* AppDelegate.swift */; };
		0A7777F02927B670004AE75F /* SceneDelegate.swift in Sources */ = {isa = PBXBuildFile; fileRef = 0A7777EF2927B670004AE75F /* SceneDelegate.swift */; };
		0A7777F22927B670004AE75F /* ViewController.swift in Sources */ = {isa = PBXBuildFile; fileRef = 0A7777F12927B670004AE75F /* ViewController.swift */; };
		0A7777F52927B670004AE75F /* Main.storyboard in Resources */ = {isa = PBXBuildFile; fileRef = 0A7777F32927B670004AE75F /* Main.storyboard */; };
		0A7777F72927B671004AE75F /* Assets.xcassets in Resources */ = {isa = PBXBuildFile; fileRef = 0A7777F62927B671004AE75F /* Assets.xcassets */; };
		0A7777FA2927B671004AE75F /* LaunchScreen.storyboard in Resources */ = {isa = PBXBuildFile; fileRef = 0A7777F82927B671004AE75F /* LaunchScreen.storyboard */; };
		0A7778052927B672004AE75F /* BabbelWordGameTests.swift in Sources */ = {isa = PBXBuildFile; fileRef = 0A7778042927B672004AE75F /* BabbelWordGameTests.swift */; };
		0A77780F2927B672004AE75F /* BabbelWordGameUITests.swift in Sources */ = {isa = PBXBuildFile; fileRef = 0A77780E2927B672004AE75F /* BabbelWordGameUITests.swift */; };
		0A7778112927B672004AE75F /* BabbelWordGameUITestsLaunchTests.swift in Sources */ = {isa = PBXBuildFile; fileRef = 0A7778102927B672004AE75F /* BabbelWordGameUITestsLaunchTests.swift */; };
/* End PBXBuildFile section */

/* Begin PBXContainerItemProxy section */
		0A7778012927B672004AE75F /* PBXContainerItemProxy */ = {
			isa = PBXContainerItemProxy;
			containerPortal = 0A7777E22927B670004AE75F /* Project object */;
			proxyType = 1;
			remoteGlobalIDString = 0A7777E92927B670004AE75F;
			remoteInfo = BabbelWordGame;
		};
		0A77780B2927B672004AE75F /* PBXContainerItemProxy */ = {
			isa = PBXContainerItemProxy;
			containerPortal = 0A7777E22927B670004AE75F /* Project object */;
			proxyType = 1;
			remoteGlobalIDString = 0A7777E92927B670004AE75F;
			remoteInfo = BabbelWordGame;
		};
/* End PBXContainerItemProxy section */

/* Begin PBXFileReference section */
		0A7777EA2927B670004AE75F /* BabbelWordGame.app */ = {isa = PBXFileReference; explicitFileType = wrapper.application; includeInIndex = 0; path = BabbelWordGame.app; sourceTree = BUILT_PRODUCTS_DIR; };
		0A7777ED2927B670004AE75F /* AppDelegate.swift */ = {isa = PBXFileReference; lastKnownFileType = sourcecode.swift; path = AppDelegate.swift; sourceTree = "<group>"; };
		0A7777EF2927B670004AE75F /* SceneDelegate.swift */ = {isa = PBXFileReference; lastKnownFileType = sourcecode.swift; path = SceneDelegate.swift; sourceTree = "<group>"; };
		0A7777F12927B670004AE75F /* ViewController.swift */ = {isa = PBXFileReference; lastKnownFileType = sourcecode.swift; path = ViewController.swift; sourceTree = "<group>"; };
		0A7777F42927B670004AE75F /* Base */ = {isa = PBXFileReference; lastKnownFileType = file.storyboard; name = Base; path = Base.lproj/Main.storyboard; sourceTree = "<group>"; };
		0A7777F62927B671004AE75F /* Assets.xcassets */ = {isa = PBXFileReference; lastKnownFileType = folder.assetcatalog; path = Assets.xcassets; sourceTree = "<group>"; };
		0A7777F92927B671004AE75F /* Base */ = {isa = PBXFileReference; lastKnownFileType = file.storyboard; name = Base; path = Base.lproj/LaunchScreen.storyboard; sourceTree = "<group>"; };
		0A7777FB2927B671004AE75F /* Info.plist */ = {isa = PBXFileReference; lastKnownFileType = text.plist.xml; path = Info.plist; sourceTree = "<group>"; };
		0A7778002927B672004AE75F /* BabbelWordGameTests.xctest */ = {isa = PBXFileReference; explicitFileType = wrapper.cfbundle; includeInIndex = 0; path = BabbelWordGameTests.xctest; sourceTree = BUILT_PRODUCTS_DIR; };
		0A7778042927B672004AE75F /* BabbelWordGameTests.swift */ = {isa = PBXFileReference; lastKnownFileType = sourcecode.swift; path = BabbelWordGameTests.swift; sourceTree = "<group>"; };
		0A77780A2927B672004AE75F /* BabbelWordGameUITests.xctest */ = {isa = PBXFileReference; explicitFileType = wrapper.cfbundle; includeInIndex = 0; path = BabbelWordGameUITests.xctest; sourceTree = BUILT_PRODUCTS_DIR; };
		0A77780E2927B672004AE75F /* BabbelWordGameUITests.swift */ = {isa = PBXFileReference; lastKnownFileType = sourcecode.swift; path = BabbelWordGameUITests.swift; sourceTree = "<group>"; };
		0A7778102927B672004AE75F /* BabbelWordGameUITestsLaunchTests.swift */ = {isa = PBXFileReference; lastKnownFileType = sourcecode.swift; path = BabbelWordGameUITestsLaunchTests.swift; sourceTree = "<group>"; };
/* End PBXFileReference section */

/* Begin PBXFrameworksBuildPhase section */
		0A7777E72927B670004AE75F /* Frameworks */ = {
			isa = PBXFrameworksBuildPhase;
			buildActionMask = 2147483647;
			files = (
			);
			runOnlyForDeploymentPostprocessing = 0;
		};
		0A7777FD2927B672004AE75F /* Frameworks */ = {
			isa = PBXFrameworksBuildPhase;
			buildActionMask = 2147483647;
			files = (
			);
			runOnlyForDeploymentPostprocessing = 0;
		};
		0A7778072927B672004AE75F /* Frameworks */ = {
			isa = PBXFrameworksBuildPhase;
			buildActionMask = 2147483647;
			files = (
			);
			runOnlyForDeploymentPostprocessing = 0;
		};
/* End PBXFrameworksBuildPhase section */

/* Begin PBXGroup section */
		0A7777E12927B670004AE75F = {
			isa = PBXGroup;
			children = (
				0A7777EC2927B670004AE75F /* BabbelWordGame */,
				0A7778032927B672004AE75F /* BabbelWordGameTests */,
				0A77780D2927B672004AE75F /* BabbelWordGameUITests */,
				0A7777EB2927B670004AE75F /* Products */,
			);
			sourceTree = "<group>";
		};
		0A7777EB2927B670004AE75F /* Products */ = {
			isa = PBXGroup;
			children = (
				0A7777EA2927B670004AE75F /* BabbelWordGame.app */,
				0A7778002927B672004AE75F /* BabbelWordGameTests.xctest */,
				0A77780A2927B672004AE75F /* BabbelWordGameUITests.xctest */,
			);
			name = Products;
			sourceTree = "<group>";
		};
		0A7777EC2927B670004AE75F /* BabbelWordGame */ = {
			isa = PBXGroup;
			children = (
				0A7777ED2927B670004AE75F /* AppDelegate.swift */,
				0A7777EF2927B670004AE75F /* SceneDelegate.swift */,
				0A7777F12927B670004AE75F /* ViewController.swift */,
				0A7777F32927B670004AE75F /* Main.storyboard */,
				0A7777F62927B671004AE75F /* Assets.xcassets */,
				0A7777F82927B671004AE75F /* LaunchScreen.storyboard */,
				0A7777FB2927B671004AE75F /* Info.plist */,
			);
			path = BabbelWordGame;
			sourceTree = "<group>";
		};
		0A7778032927B672004AE75F /* BabbelWordGameTests */ = {
			isa = PBXGroup;
			children = (
				0A7778042927B672004AE75F /* BabbelWordGameTests.swift */,
			);
			path = BabbelWordGameTests;
			sourceTree = "<group>";
		};
		0A77780D2927B672004AE75F /* BabbelWordGameUITests */ = {
			isa = PBXGroup;
			children = (
				0A77780E2927B672004AE75F /* BabbelWordGameUITests.swift */,
				0A7778102927B672004AE75F /* BabbelWordGameUITestsLaunchTests.swift */,
			);
			path = BabbelWordGameUITests;
			sourceTree = "<group>";
		};
/* End PBXGroup section */

/* Begin PBXNativeTarget section */
		0A7777E92927B670004AE75F /* BabbelWordGame */ = {
			isa = PBXNativeTarget;
			buildConfigurationList = 0A7778142927B672004AE75F /* Build configuration list for PBXNativeTarget "BabbelWordGame" */;
			buildPhases = (
				0A7777E62927B670004AE75F /* Sources */,
				0A7777E72927B670004AE75F /* Frameworks */,
				0A7777E82927B670004AE75F /* Resources */,
			);
			buildRules = (
			);
			dependencies = (
			);
			name = BabbelWordGame;
			productName = BabbelWordGame;
			productReference = 0A7777EA2927B670004AE75F /* BabbelWordGame.app */;
			productType = "com.apple.product-type.application";
		};
		0A7777FF2927B672004AE75F /* BabbelWordGameTests */ = {
			isa = PBXNativeTarget;
			buildConfigurationList = 0A7778172927B672004AE75F /* Build configuration list for PBXNativeTarget "BabbelWordGameTests" */;
			buildPhases = (
				0A7777FC2927B672004AE75F /* Sources */,
				0A7777FD2927B672004AE75F /* Frameworks */,
				0A7777FE2927B672004AE75F /* Resources */,
			);
			buildRules = (
			);
			dependencies = (
				0A7778022927B672004AE75F /* PBXTargetDependency */,
			);
			name = BabbelWordGameTests;
			productName = BabbelWordGameTests;
			productReference = 0A7778002927B672004AE75F /* BabbelWordGameTests.xctest */;
			productType = "com.apple.product-type.bundle.unit-test";
		};
		0A7778092927B672004AE75F /* BabbelWordGameUITests */ = {
			isa = PBXNativeTarget;
			buildConfigurationList = 0A77781A2927B672004AE75F /* Build configuration list for PBXNativeTarget "BabbelWordGameUITests" */;
			buildPhases = (
				0A7778062927B672004AE75F /* Sources */,
				0A7778072927B672004AE75F /* Frameworks */,
				0A7778082927B672004AE75F /* Resources */,
			);
			buildRules = (
			);
			dependencies = (
				0A77780C2927B672004AE75F /* PBXTargetDependency */,
			);
			name = BabbelWordGameUITests;
			productName = BabbelWordGameUITests;
			productReference = 0A77780A2927B672004AE75F /* BabbelWordGameUITests.xctest */;
			productType = "com.apple.product-type.bundle.ui-testing";
		};
/* End PBXNativeTarget section */

/* Begin PBXProject section */
		0A7777E22927B670004AE75F /* Project object */ = {
			isa = PBXProject;
			attributes = {
				BuildIndependentTargetsInParallel = 1;
				LastSwiftUpdateCheck = 1410;
				LastUpgradeCheck = 1410;
				TargetAttributes = {
					0A7777E92927B670004AE75F = {
						CreatedOnToolsVersion = 14.1;
					};
					0A7777FF2927B672004AE75F = {
						CreatedOnToolsVersion = 14.1;
						TestTargetID = 0A7777E92927B670004AE75F;
					};
					0A7778092927B672004AE75F = {
						CreatedOnToolsVersion = 14.1;
						TestTargetID = 0A7777E92927B670004AE75F;
					};
				};
			};
			buildConfigurationList = 0A7777E52927B670004AE75F /* Build configuration list for PBXProject "BabbelWordGame" */;
			compatibilityVersion = "Xcode 14.0";
			developmentRegion = en;
			hasScannedForEncodings = 0;
			knownRegions = (
				en,
				Base,
			);
			mainGroup = 0A7777E12927B670004AE75F;
			productRefGroup = 0A7777EB2927B670004AE75F /* Products */;
			projectDirPath = "";
			projectRoot = "";
			targets = (
				0A7777E92927B670004AE75F /* BabbelWordGame */,
				0A7777FF2927B672004AE75F /* BabbelWordGameTests */,
				0A7778092927B672004AE75F /* BabbelWordGameUITests */,
			);
		};
/* End PBXProject section */

/* Begin PBXResourcesBuildPhase section */
		0A7777E82927B670004AE75F /* Resources */ = {
			isa = PBXResourcesBuildPhase;
			buildActionMask = 2147483647;
			files = (
				0A7777FA2927B671004AE75F /* LaunchScreen.storyboard in Resources */,
				0A7777F72927B671004AE75F /* Assets.xcassets in Resources */,
				0A7777F52927B670004AE75F /* Main.storyboard in Resources */,
			);
			runOnlyForDeploymentPostprocessing = 0;
		};
		0A7777FE2927B672004AE75F /* Resources */ = {
			isa = PBXResourcesBuildPhase;
			buildActionMask = 2147483647;
			files = (
			);
			runOnlyForDeploymentPostprocessing = 0;
		};
		0A7778082927B672004AE75F /* Resources */ = {
			isa = PBXResourcesBuildPhase;
			buildActionMask = 2147483647;
			files = (
			);
			runOnlyForDeploymentPostprocessing = 0;
		};
/* End PBXResourcesBuildPhase section */

/* Begin PBXSourcesBuildPhase section */
		0A7777E62927B670004AE75F /* Sources */ = {
			isa = PBXSourcesBuildPhase;
			buildActionMask = 2147483647;
			files = (
				0A7777F22927B670004AE75F /* ViewController.swift in Sources */,
				0A7777EE2927B670004AE75F /* AppDelegate.swift in Sources */,
				0A7777F02927B670004AE75F /* SceneDelegate.swift in Sources */,
			);
			runOnlyForDeploymentPostprocessing = 0;
		};
		0A7777FC2927B672004AE75F /* Sources */ = {
			isa = PBXSourcesBuildPhase;
			buildActionMask = 2147483647;
			files = (
				0A7778052927B672004AE75F /* BabbelWordGameTests.swift in Sources */,
			);
			runOnlyForDeploymentPostprocessing = 0;
		};
		0A7778062927B672004AE75F /* Sources */ = {
			isa = PBXSourcesBuildPhase;
			buildActionMask = 2147483647;
			files = (
				0A7778112927B672004AE75F /* BabbelWordGameUITestsLaunchTests.swift in Sources */,
				0A77780F2927B672004AE75F /* BabbelWordGameUITests.swift in Sources */,
			);
			runOnlyForDeploymentPostprocessing = 0;
		};
/* End PBXSourcesBuildPhase section */

/* Begin PBXTargetDependency section */
		0A7778022927B672004AE75F /* PBXTargetDependency */ = {
			isa = PBXTargetDependency;
			target = 0A7777E92927B670004AE75F /* BabbelWordGame */;
			targetProxy = 0A7778012927B672004AE75F /* PBXContainerItemProxy */;
		};
		0A77780C2927B672004AE75F /* PBXTargetDependency */ = {
			isa = PBXTargetDependency;
			target = 0A7777E92927B670004AE75F /* BabbelWordGame */;
			targetProxy = 0A77780B2927B672004AE75F /* PBXContainerItemProxy */;
		};
/* End PBXTargetDependency section */

/* Begin PBXVariantGroup section */
		0A7777F32927B670004AE75F /* Main.storyboard */ = {
			isa = PBXVariantGroup;
			children = (
				0A7777F42927B670004AE75F /* Base */,
			);
			name = Main.storyboard;
			sourceTree = "<group>";
		};
		0A7777F82927B671004AE75F /* LaunchScreen.storyboard */ = {
			isa = PBXVariantGroup;
			children = (
				0A7777F92927B671004AE75F /* Base */,
			);
			name = LaunchScreen.storyboard;
			sourceTree = "<group>";
		};
/* End PBXVariantGroup section */

/* Begin XCBuildConfiguration section */
		0A7778122927B672004AE75F /* Debug */ = {
			isa = XCBuildConfiguration;
			buildSettings = {
				ALWAYS_SEARCH_USER_PATHS = NO;
				CLANG_ANALYZER_NONNULL = YES;
				CLANG_ANALYZER_NUMBER_OBJECT_CONVERSION = YES_AGGRESSIVE;
				CLANG_CXX_LANGUAGE_STANDARD = "gnu++20";
				CLANG_ENABLE_MODULES = YES;
				CLANG_ENABLE_OBJC_ARC = YES;
				CLANG_ENABLE_OBJC_WEAK = YES;
				CLANG_WARN_BLOCK_CAPTURE_AUTORELEASING = YES;
				CLANG_WARN_BOOL_CONVERSION = YES;
				CLANG_WARN_COMMA = YES;
				CLANG_WARN_CONSTANT_CONVERSION = YES;
				CLANG_WARN_DEPRECATED_OBJC_IMPLEMENTATIONS = YES;
				CLANG_WARN_DIRECT_OBJC_ISA_USAGE = YES_ERROR;
				CLANG_WARN_DOCUMENTATION_COMMENTS = YES;
				CLANG_WARN_EMPTY_BODY = YES;
				CLANG_WARN_ENUM_CONVERSION = YES;
				CLANG_WARN_INFINITE_RECURSION = YES;
				CLANG_WARN_INT_CONVERSION = YES;
				CLANG_WARN_NON_LITERAL_NULL_CONVERSION = YES;
				CLANG_WARN_OBJC_IMPLICIT_RETAIN_SELF = YES;
				CLANG_WARN_OBJC_LITERAL_CONVERSION = YES;
				CLANG_WARN_OBJC_ROOT_CLASS = YES_ERROR;
				CLANG_WARN_QUOTED_INCLUDE_IN_FRAMEWORK_HEADER = YES;
				CLANG_WARN_RANGE_LOOP_ANALYSIS = YES;
				CLANG_WARN_STRICT_PROTOTYPES = YES;
				CLANG_WARN_SUSPICIOUS_MOVE = YES;
				CLANG_WARN_UNGUARDED_AVAILABILITY = YES_AGGRESSIVE;
				CLANG_WARN_UNREACHABLE_CODE = YES;
				CLANG_WARN__DUPLICATE_METHOD_MATCH = YES;
				COPY_PHASE_STRIP = NO;
				DEBUG_INFORMATION_FORMAT = dwarf;
				ENABLE_STRICT_OBJC_MSGSEND = YES;
				ENABLE_TESTABILITY = YES;
				GCC_C_LANGUAGE_STANDARD = gnu11;
				GCC_DYNAMIC_NO_PIC = NO;
				GCC_NO_COMMON_BLOCKS = YES;
				GCC_OPTIMIZATION_LEVEL = 0;
				GCC_PREPROCESSOR_DEFINITIONS = (
					"DEBUG=1",
					"$(inherited)",
				);
				GCC_WARN_64_TO_32_BIT_CONVERSION = YES;
				GCC_WARN_ABOUT_RETURN_TYPE = YES_ERROR;
				GCC_WARN_UNDECLARED_SELECTOR = YES;
				GCC_WARN_UNINITIALIZED_AUTOS = YES_AGGRESSIVE;
				GCC_WARN_UNUSED_FUNCTION = YES;
				GCC_WARN_UNUSED_VARIABLE = YES;
				IPHONEOS_DEPLOYMENT_TARGET = 16.1;
				MTL_ENABLE_DEBUG_INFO = INCLUDE_SOURCE;
				MTL_FAST_MATH = YES;
				ONLY_ACTIVE_ARCH = YES;
				SDKROOT = iphoneos;
				SWIFT_ACTIVE_COMPILATION_CONDITIONS = DEBUG;
				SWIFT_OPTIMIZATION_LEVEL = "-Onone";
			};
			name = Debug;
		};
		0A7778132927B672004AE75F /* Release */ = {
			isa = XCBuildConfiguration;
			buildSettings = {
				ALWAYS_SEARCH_USER_PATHS = NO;
				CLANG_ANALYZER_NONNULL = YES;
				CLANG_ANALYZER_NUMBER_OBJECT_CONVERSION = YES_AGGRESSIVE;
				CLANG_CXX_LANGUAGE_STANDARD = "gnu++20";
				CLANG_ENABLE_MODULES = YES;
				CLANG_ENABLE_OBJC_ARC = YES;
				CLANG_ENABLE_OBJC_WEAK = YES;
				CLANG_WARN_BLOCK_CAPTURE_AUTORELEASING = YES;
				CLANG_WARN_BOOL_CONVERSION = YES;
				CLANG_WARN_COMMA = YES;
				CLANG_WARN_CONSTANT_CONVERSION = YES;
				CLANG_WARN_DEPRECATED_OBJC_IMPLEMENTATIONS = YES;
				CLANG_WARN_DIRECT_OBJC_ISA_USAGE = YES_ERROR;
				CLANG_WARN_DOCUMENTATION_COMMENTS = YES;
				CLANG_WARN_EMPTY_BODY = YES;
				CLANG_WARN_ENUM_CONVERSION = YES;
				CLANG_WARN_INFINITE_RECURSION = YES;
				CLANG_WARN_INT_CONVERSION = YES;
				CLANG_WARN_NON_LITERAL_NULL_CONVERSION = YES;
				CLANG_WARN_OBJC_IMPLICIT_RETAIN_SELF = YES;
				CLANG_WARN_OBJC_LITERAL_CONVERSION = YES;
				CLANG_WARN_OBJC_ROOT_CLASS = YES_ERROR;
				CLANG_WARN_QUOTED_INCLUDE_IN_FRAMEWORK_HEADER = YES;
				CLANG_WARN_RANGE_LOOP_ANALYSIS = YES;
				CLANG_WARN_STRICT_PROTOTYPES = YES;
				CLANG_WARN_SUSPICIOUS_MOVE = YES;
				CLANG_WARN_UNGUARDED_AVAILABILITY = YES_AGGRESSIVE;
				CLANG_WARN_UNREACHABLE_CODE = YES;
				CLANG_WARN__DUPLICATE_METHOD_MATCH = YES;
				COPY_PHASE_STRIP = NO;
				DEBUG_INFORMATION_FORMAT = "dwarf-with-dsym";
				ENABLE_NS_ASSERTIONS = NO;
				ENABLE_STRICT_OBJC_MSGSEND = YES;
				GCC_C_LANGUAGE_STANDARD = gnu11;
				GCC_NO_COMMON_BLOCKS = YES;
				GCC_WARN_64_TO_32_BIT_CONVERSION = YES;
				GCC_WARN_ABOUT_RETURN_TYPE = YES_ERROR;
				GCC_WARN_UNDECLARED_SELECTOR = YES;
				GCC_WARN_UNINITIALIZED_AUTOS = YES_AGGRESSIVE;
				GCC_WARN_UNUSED_FUNCTION = YES;
				GCC_WARN_UNUSED_VARIABLE = YES;
				IPHONEOS_DEPLOYMENT_TARGET = 16.1;
				MTL_ENABLE_DEBUG_INFO = NO;
				MTL_FAST_MATH = YES;
				SDKROOT = iphoneos;
				SWIFT_COMPILATION_MODE = wholemodule;
				SWIFT_OPTIMIZATION_LEVEL = "-O";
				VALIDATE_PRODUCT = YES;
			};
			name = Release;
		};
		0A7778152927B672004AE75F /* Debug */ = {
			isa = XCBuildConfiguration;
			buildSettings = {
				ASSETCATALOG_COMPILER_APPICON_NAME = AppIcon;
				ASSETCATALOG_COMPILER_GLOBAL_ACCENT_COLOR_NAME = AccentColor;
				CODE_SIGN_STYLE = Automatic;
				CURRENT_PROJECT_VERSION = 1;
				DEVELOPMENT_TEAM = 9W4STM7DA3;
				GENERATE_INFOPLIST_FILE = YES;
				INFOPLIST_FILE = BabbelWordGame/Info.plist;
				INFOPLIST_KEY_UIApplicationSupportsIndirectInputEvents = YES;
				INFOPLIST_KEY_UILaunchStoryboardName = LaunchScreen;
				INFOPLIST_KEY_UIMainStoryboardFile = Main;
				INFOPLIST_KEY_UISupportedInterfaceOrientations_iPad = "UIInterfaceOrientationPortrait UIInterfaceOrientationPortraitUpsideDown UIInterfaceOrientationLandscapeLeft UIInterfaceOrientationLandscapeRight";
				INFOPLIST_KEY_UISupportedInterfaceOrientations_iPhone = "UIInterfaceOrientationPortrait UIInterfaceOrientationLandscapeLeft UIInterfaceOrientationLandscapeRight";
				LD_RUNPATH_SEARCH_PATHS = (
					"$(inherited)",
					"@executable_path/Frameworks",
				);
				MARKETING_VERSION = 1.0;
				PRODUCT_BUNDLE_IDENTIFIER = me.yasirromaye.BabbelWordGame;
				PRODUCT_NAME = "$(TARGET_NAME)";
				SWIFT_EMIT_LOC_STRINGS = YES;
				SWIFT_VERSION = 5.0;
				TARGETED_DEVICE_FAMILY = "1,2";
			};
			name = Debug;
		};
		0A7778162927B672004AE75F /* Release */ = {
			isa = XCBuildConfiguration;
			buildSettings = {
				ASSETCATALOG_COMPILER_APPICON_NAME = AppIcon;
				ASSETCATALOG_COMPILER_GLOBAL_ACCENT_COLOR_NAME = AccentColor;
				CODE_SIGN_STYLE = Automatic;
				CURRENT_PROJECT_VERSION = 1;
				DEVELOPMENT_TEAM = 9W4STM7DA3;
				GENERATE_INFOPLIST_FILE = YES;
				INFOPLIST_FILE = BabbelWordGame/Info.plist;
				INFOPLIST_KEY_UIApplicationSupportsIndirectInputEvents = YES;
				INFOPLIST_KEY_UILaunchStoryboardName = LaunchScreen;
				INFOPLIST_KEY_UIMainStoryboardFile = Main;
				INFOPLIST_KEY_UISupportedInterfaceOrientations_iPad = "UIInterfaceOrientationPortrait UIInterfaceOrientationPortraitUpsideDown UIInterfaceOrientationLandscapeLeft UIInterfaceOrientationLandscapeRight";
				INFOPLIST_KEY_UISupportedInterfaceOrientations_iPhone = "UIInterfaceOrientationPortrait UIInterfaceOrientationLandscapeLeft UIInterfaceOrientationLandscapeRight";
				LD_RUNPATH_SEARCH_PATHS = (
					"$(inherited)",
					"@executable_path/Frameworks",
				);
				MARKETING_VERSION = 1.0;
				PRODUCT_BUNDLE_IDENTIFIER = me.yasirromaye.BabbelWordGame;
				PRODUCT_NAME = "$(TARGET_NAME)";
				SWIFT_EMIT_LOC_STRINGS = YES;
				SWIFT_VERSION = 5.0;
				TARGETED_DEVICE_FAMILY = "1,2";
			};
			name = Release;
		};
		0A7778182927B672004AE75F /* Debug */ = {
			isa = XCBuildConfiguration;
			buildSettings = {
				ALWAYS_EMBED_SWIFT_STANDARD_LIBRARIES = YES;
				BUNDLE_LOADER = "$(TEST_HOST)";
				CODE_SIGN_STYLE = Automatic;
				CURRENT_PROJECT_VERSION = 1;
				DEVELOPMENT_TEAM = 9W4STM7DA3;
				GENERATE_INFOPLIST_FILE = YES;
				IPHONEOS_DEPLOYMENT_TARGET = 16.1;
				MARKETING_VERSION = 1.0;
				PRODUCT_BUNDLE_IDENTIFIER = me.yasirromaye.BabbelWordGameTests;
				PRODUCT_NAME = "$(TARGET_NAME)";
				SWIFT_EMIT_LOC_STRINGS = NO;
				SWIFT_VERSION = 5.0;
				TARGETED_DEVICE_FAMILY = "1,2";
				TEST_HOST = "$(BUILT_PRODUCTS_DIR)/BabbelWordGame.app/$(BUNDLE_EXECUTABLE_FOLDER_PATH)/BabbelWordGame";
			};
			name = Debug;
		};
		0A7778192927B672004AE75F /* Release */ = {
			isa = XCBuildConfiguration;
			buildSettings = {
				ALWAYS_EMBED_SWIFT_STANDARD_LIBRARIES = YES;
				BUNDLE_LOADER = "$(TEST_HOST)";
				CODE_SIGN_STYLE = Automatic;
				CURRENT_PROJECT_VERSION = 1;
				DEVELOPMENT_TEAM = 9W4STM7DA3;
				GENERATE_INFOPLIST_FILE = YES;
				IPHONEOS_DEPLOYMENT_TARGET = 16.1;
				MARKETING_VERSION = 1.0;
				PRODUCT_BUNDLE_IDENTIFIER = me.yasirromaye.BabbelWordGameTests;
				PRODUCT_NAME = "$(TARGET_NAME)";
				SWIFT_EMIT_LOC_STRINGS = NO;
				SWIFT_VERSION = 5.0;
				TARGETED_DEVICE_FAMILY = "1,2";
				TEST_HOST = "$(BUILT_PRODUCTS_DIR)/BabbelWordGame.app/$(BUNDLE_EXECUTABLE_FOLDER_PATH)/BabbelWordGame";
			};
			name = Release;
		};
		0A77781B2927B672004AE75F /* Debug */ = {
			isa = XCBuildConfiguration;
			buildSettings = {
				ALWAYS_EMBED_SWIFT_STANDARD_LIBRARIES = YES;
				CODE_SIGN_STYLE = Automatic;
				CURRENT_PROJECT_VERSION = 1;
				DEVELOPMENT_TEAM = 9W4STM7DA3;
				GENERATE_INFOPLIST_FILE = YES;
				MARKETING_VERSION = 1.0;
				PRODUCT_BUNDLE_IDENTIFIER = me.yasirromaye.BabbelWordGameUITests;
				PRODUCT_NAME = "$(TARGET_NAME)";
				SWIFT_EMIT_LOC_STRINGS = NO;
				SWIFT_VERSION = 5.0;
				TARGETED_DEVICE_FAMILY = "1,2";
				TEST_TARGET_NAME = BabbelWordGame;
			};
			name = Debug;
		};
		0A77781C2927B672004AE75F /* Release */ = {
			isa = XCBuildConfiguration;
			buildSettings = {
				ALWAYS_EMBED_SWIFT_STANDARD_LIBRARIES = YES;
				CODE_SIGN_STYLE = Automatic;
				CURRENT_PROJECT_VERSION = 1;
				DEVELOPMENT_TEAM = 9W4STM7DA3;
				GENERATE_INFOPLIST_FILE = YES;
				MARKETING_VERSION = 1.0;
				PRODUCT_BUNDLE_IDENTIFIER = me.yasirromaye.BabbelWordGameUITests;
				PRODUCT_NAME = "$(TARGET_NAME)";
				SWIFT_EMIT_LOC_STRINGS = NO;
				SWIFT_VERSION = 5.0;
				TARGETED_DEVICE_FAMILY = "1,2";
				TEST_TARGET_NAME = BabbelWordGame;
			};
			name = Release;
		};
/* End XCBuildConfiguration section */

/* Begin XCConfigurationList section */
		0A7777E52927B670004AE75F /* Build configuration list for PBXProject "BabbelWordGame" */ = {
			isa = XCConfigurationList;
			buildConfigurations = (
				0A7778122927B672004AE75F /* Debug */,
				0A7778132927B672004AE75F /* Release */,
			);
			defaultConfigurationIsVisible = 0;
			defaultConfigurationName = Release;
		};
		0A7778142927B672004AE75F /* Build configuration list for PBXNativeTarget "BabbelWordGame" */ = {
			isa = XCConfigurationList;
			buildConfigurations = (
				0A7778152927B672004AE75F /* Debug */,
				0A7778162927B672004AE75F /* Release */,
			);
			defaultConfigurationIsVisible = 0;
			defaultConfigurationName = Release;
		};
		0A7778172927B672004AE75F /* Build configuration list for PBXNativeTarget "BabbelWordGameTests" */ = {
			isa = XCConfigurationList;
			buildConfigurations = (
				0A7778182927B672004AE75F /* Debug */,
				0A7778192927B672004AE75F /* Release */,
			);
			defaultConfigurationIsVisible = 0;
			defaultConfigurationName = Release;
		};
		0A77781A2927B672004AE75F /* Build configuration list for PBXNativeTarget "BabbelWordGameUITests" */ = {
			isa = XCConfigurationList;
			buildConfigurations = (
				0A77781B2927B672004AE75F /* Debug */,
				0A77781C2927B672004AE75F /* Release */,
			);
			defaultConfigurationIsVisible = 0;
			defaultConfigurationName = Release;
		};
/* End XCConfigurationList section */
	};
	rootObject = 0A7777E22927B670004AE75F /* Project object */;
}
